
Microsoft Visual Studio Solution File, Format Version 12.00
# Visual Studio 15
Project("{FAE04EC0-301F-11D3-BF4B-00C04F79EFBC}") = "the-erp-server", "the-erp-server\the-erp-server.csproj", "{7E7D7055-6A4B-645B-53DF-D4813F4C40C0}"
EndProject
Project("{FAE04EC0-301F-11D3-BF4B-00C04F79EFBC}") = "the-erp-client", "the-erp-client\the-erp-client.csproj", "{66689730-5236-8B36-3BCA-FB5C2737679B}"
EndProject
Project("{8BC9CEB8-8B4A-11D0-8D11-00A0C91BC942}") = "the-erp-modules-clr", "the-erp-modules-clr\the-erp-modules-clr.vcxproj", "{AE001EB8-1A62-FBC5-A3CF-41780F303285}"
EndProject
Project("{8BC9CEB8-8B4A-11D0-8D11-00A0C91BC942}") = "the-erp-modules-nclr", "the-erp-modules-nclr\the-erp-modules-nclr.vcxproj", "{FCF7E3BB-E886-6D85-91A5-81807D137E2B}"
EndProject
Global
	GlobalSection(SolutionConfigurationPlatforms) = preSolution
		Debug|x64 = Debug|x64
		Release|x64 = Release|x64
	EndGlobalSection
	GlobalSection(ProjectConfigurationPlatforms) = postSolution
		{7E7D7055-6A4B-645B-53DF-D4813F4C40C0}.Debug|x64.ActiveCfg = Debug|x64
		{7E7D7055-6A4B-645B-53DF-D4813F4C40C0}.Debug|x64.Build.0 = Debug|x64
		{7E7D7055-6A4B-645B-53DF-D4813F4C40C0}.Release|x64.ActiveCfg = Release|x64
		{7E7D7055-6A4B-645B-53DF-D4813F4C40C0}.Release|x64.Build.0 = Release|x64
		{66689730-5236-8B36-3BCA-FB5C2737679B}.Debug|x64.ActiveCfg = Debug|x64
		{66689730-5236-8B36-3BCA-FB5C2737679B}.Debug|x64.Build.0 = Debug|x64
		{66689730-5236-8B36-3BCA-FB5C2737679B}.Release|x64.ActiveCfg = Release|x64
		{66689730-5236-8B36-3BCA-FB5C2737679B}.Release|x64.Build.0 = Release|x64
		{AE001EB8-1A62-FBC5-A3CF-41780F303285}.Debug|x64.ActiveCfg = Debug|x64
		{AE001EB8-1A62-FBC5-A3CF-41780F303285}.Debug|x64.Build.0 = Debug|x64
		{AE001EB8-1A62-FBC5-A3CF-41780F303285}.Release|x64.ActiveCfg = Release|x64
		{AE001EB8-1A62-FBC5-A3CF-41780F303285}.Release|x64.Build.0 = Release|x64
		{FCF7E3BB-E886-6D85-91A5-81807D137E2B}.Debug|x64.ActiveCfg = Debug|x64
		{FCF7E3BB-E886-6D85-91A5-81807D137E2B}.Debug|x64.Build.0 = Debug|x64
		{FCF7E3BB-E886-6D85-91A5-81807D137E2B}.Release|x64.ActiveCfg = Release|x64
		{FCF7E3BB-E886-6D85-91A5-81807D137E2B}.Release|x64.Build.0 = Release|x64
	EndGlobalSection
	GlobalSection(SolutionProperties) = preSolution
		HideSolutionNode = FALSE
	EndGlobalSection
EndGlobal
