
Microsoft Visual Studio Solution File, Format Version 12.00
# Visual Studio 15
VisualStudioVersion = 15.0.28307.329
MinimumVisualStudioVersion = 10.0.40219.1
Project("{FAE04EC0-301F-11D3-BF4B-00C04F79EFBC}") = "the-erp-server", "the-erp-server\the-erp-server.csproj", "{D46DEB80-4A27-4E86-A47B-2C525D1A311D}"
EndProject
Project("{FAE04EC0-301F-11D3-BF4B-00C04F79EFBC}") = "the-erp-client", "the-erp-client\the-erp-client.csproj", "{C079FFB7-6053-4E52-8149-D5814180BACF}"
EndProject
Project("{8BC9CEB8-8B4A-11D0-8D11-00A0C91BC942}") = "the-erp-modules-nclr", "the-erp-modules-nclr\the-erp-logging.vcxproj", "{B56B2FF0-8580-45CF-9BA9-5347C6AFD77D}"
EndProject
Project("{8BC9CEB8-8B4A-11D0-8D11-00A0C91BC942}") = "the-erp-modules-clr", "the-erp-modules-clr\the-erp.vcxproj", "{76934E9A-642E-4865-B6F7-4613A9ABE9F4}"
EndProject
Global
	GlobalSection(SolutionConfigurationPlatforms) = preSolution
		Debug|Any CPU = Debug|Any CPU
		Debug|x64 = Debug|x64
		Debug|x86 = Debug|x86
		Release|Any CPU = Release|Any CPU
		Release|x64 = Release|x64
		Release|x86 = Release|x86
	EndGlobalSection
	GlobalSection(ProjectConfigurationPlatforms) = postSolution
		{D46DEB80-4A27-4E86-A47B-2C525D1A311D}.Debug|Any CPU.ActiveCfg = Debug|Any CPU
		{D46DEB80-4A27-4E86-A47B-2C525D1A311D}.Debug|Any CPU.Build.0 = Debug|Any CPU
		{D46DEB80-4A27-4E86-A47B-2C525D1A311D}.Debug|x64.ActiveCfg = Debug|Any CPU
		{D46DEB80-4A27-4E86-A47B-2C525D1A311D}.Debug|x64.Build.0 = Debug|Any CPU
		{D46DEB80-4A27-4E86-A47B-2C525D1A311D}.Debug|x86.ActiveCfg = Debug|Any CPU
		{D46DEB80-4A27-4E86-A47B-2C525D1A311D}.Debug|x86.Build.0 = Debug|Any CPU
		{D46DEB80-4A27-4E86-A47B-2C525D1A311D}.Release|Any CPU.ActiveCfg = Release|Any CPU
		{D46DEB80-4A27-4E86-A47B-2C525D1A311D}.Release|Any CPU.Build.0 = Release|Any CPU
		{D46DEB80-4A27-4E86-A47B-2C525D1A311D}.Release|x64.ActiveCfg = Release|Any CPU
		{D46DEB80-4A27-4E86-A47B-2C525D1A311D}.Release|x64.Build.0 = Release|Any CPU
		{D46DEB80-4A27-4E86-A47B-2C525D1A311D}.Release|x86.ActiveCfg = Release|Any CPU
		{D46DEB80-4A27-4E86-A47B-2C525D1A311D}.Release|x86.Build.0 = Release|Any CPU
		{76934E9A-642E-4865-B6F7-4613A9ABE9F4}.Debug|Any CPU.ActiveCfg = Debug|Win32
		{76934E9A-642E-4865-B6F7-4613A9ABE9F4}.Debug|x64.ActiveCfg = Debug|x64
		{76934E9A-642E-4865-B6F7-4613A9ABE9F4}.Debug|x64.Build.0 = Debug|x64
		{76934E9A-642E-4865-B6F7-4613A9ABE9F4}.Debug|x86.ActiveCfg = Debug|Win32
		{76934E9A-642E-4865-B6F7-4613A9ABE9F4}.Debug|x86.Build.0 = Debug|Win32
		{76934E9A-642E-4865-B6F7-4613A9ABE9F4}.Release|Any CPU.ActiveCfg = Release|Win32
		{76934E9A-642E-4865-B6F7-4613A9ABE9F4}.Release|x64.ActiveCfg = Release|x64
		{76934E9A-642E-4865-B6F7-4613A9ABE9F4}.Release|x64.Build.0 = Release|x64
		{76934E9A-642E-4865-B6F7-4613A9ABE9F4}.Release|x86.ActiveCfg = Release|Win32
		{76934E9A-642E-4865-B6F7-4613A9ABE9F4}.Release|x86.Build.0 = Release|Win32
		{C079FFB7-6053-4E52-8149-D5814180BACF}.Debug|Any CPU.ActiveCfg = Debug|Any CPU
		{C079FFB7-6053-4E52-8149-D5814180BACF}.Debug|Any CPU.Build.0 = Debug|Any CPU
		{C079FFB7-6053-4E52-8149-D5814180BACF}.Debug|x64.ActiveCfg = Debug|Any CPU
		{C079FFB7-6053-4E52-8149-D5814180BACF}.Debug|x64.Build.0 = Debug|Any CPU
		{C079FFB7-6053-4E52-8149-D5814180BACF}.Debug|x86.ActiveCfg = Debug|Any CPU
		{C079FFB7-6053-4E52-8149-D5814180BACF}.Debug|x86.Build.0 = Debug|Any CPU
		{C079FFB7-6053-4E52-8149-D5814180BACF}.Release|Any CPU.ActiveCfg = Release|Any CPU
		{C079FFB7-6053-4E52-8149-D5814180BACF}.Release|Any CPU.Build.0 = Release|Any CPU
		{C079FFB7-6053-4E52-8149-D5814180BACF}.Release|x64.ActiveCfg = Release|Any CPU
		{C079FFB7-6053-4E52-8149-D5814180BACF}.Release|x64.Build.0 = Release|Any CPU
		{C079FFB7-6053-4E52-8149-D5814180BACF}.Release|x86.ActiveCfg = Release|Any CPU
		{C079FFB7-6053-4E52-8149-D5814180BACF}.Release|x86.Build.0 = Release|Any CPU
		{B56B2FF0-8580-45CF-9BA9-5347C6AFD77D}.Debug|Any CPU.ActiveCfg = Debug|Win32
		{B56B2FF0-8580-45CF-9BA9-5347C6AFD77D}.Debug|x64.ActiveCfg = Debug|x64
		{B56B2FF0-8580-45CF-9BA9-5347C6AFD77D}.Debug|x64.Build.0 = Debug|x64
		{B56B2FF0-8580-45CF-9BA9-5347C6AFD77D}.Debug|x86.ActiveCfg = Debug|Win32
		{B56B2FF0-8580-45CF-9BA9-5347C6AFD77D}.Debug|x86.Build.0 = Debug|Win32
		{B56B2FF0-8580-45CF-9BA9-5347C6AFD77D}.Release|Any CPU.ActiveCfg = Release|Win32
		{B56B2FF0-8580-45CF-9BA9-5347C6AFD77D}.Release|x64.ActiveCfg = Release|x64
		{B56B2FF0-8580-45CF-9BA9-5347C6AFD77D}.Release|x64.Build.0 = Release|x64
		{B56B2FF0-8580-45CF-9BA9-5347C6AFD77D}.Release|x86.ActiveCfg = Release|Win32
		{B56B2FF0-8580-45CF-9BA9-5347C6AFD77D}.Release|x86.Build.0 = Release|Win32
	EndGlobalSection
	GlobalSection(SolutionProperties) = preSolution
		HideSolutionNode = FALSE
	EndGlobalSection
	GlobalSection(ExtensibilityGlobals) = postSolution
		SolutionGuid = {F9139A2F-1617-4FFF-935B-0E51127EA85C}
	EndGlobalSection
EndGlobal
